# This file was autogenerated by Stack.
# You should not edit this file by hand.
# For more information, please see the documentation at:
#   https://docs.haskellstack.org/en/stable/lock_files

packages:
- completed:
    hackage: net-mqtt-lens-0.1.1.0@sha256:986f1e6c1981974caea49df073f6353e47a80d0409648e0bfa28fa074808bd4b,1708
    pantry-tree:
      sha256: b408900f874842a1227f116370088c023427e47933894060ae64e7714e9db182
      size: 372
  original:
    hackage: net-mqtt-lens-0.1.1.0@sha256:986f1e6c1981974caea49df073f6353e47a80d0409648e0bfa28fa074808bd4b,1708
snapshots:
- completed:
    sha256: 8bcce0b4f5671ea04691477f5af759b497b8892f998768d6eb01c64c58d41d7c
    size: 649329
    url: https://raw.githubusercontent.com/commercialhaskell/stackage-snapshots/master/lts/20/7.yaml
  original: lts-20.7
