# This file was autogenerated by Stack.
# You should not edit this file by hand.
# For more information, please see the documentation at:
#   https://docs.haskellstack.org/en/stable/lock_files

packages:
- completed:
    hackage: net-mqtt-0.8.1.0@sha256:dd47ac74d2675cae9b55e59e505fbd36794b3fdee7e4bf9d214f27629be10898,4069
    pantry-tree:
      size: 701
      sha256: 683c4115e7d7b32cd1942f72bb6354cf01d81adfe5bb60e2f460b5aadf8d77f2
  original:
    hackage: net-mqtt-0.8.1.0
snapshots:
- completed:
    size: 585817
    url: https://raw.githubusercontent.com/commercialhaskell/stackage-snapshots/master/lts/18/5.yaml
    sha256: 22d24d0dacad9c1450b9a174c28d203f9bb482a2a8da9710a2f2a9f4afee2887
  original: lts-18.5
